
Microsoft Visual Studio Solution File, Format Version 12.00
# Visual Studio 15
VisualStudioVersion = 15.0.28307.572
MinimumVisualStudioVersion = 10.0.40219.1
Project("{FAE04EC0-301F-11D3-BF4B-00C04F79EFBC}") = "OrderManagement", "OrderManagement\OrderManagement.csproj", "{1F930092-661A-441E-901D-6141898680BE}"
EndProject
Project("{FAE04EC0-301F-11D3-BF4B-00C04F79EFBC}") = "OrderManagement_WebApi", "OrderManagement_WebApi\OrderManagement_WebApi.csproj", "{7468B1CA-C36A-4C21-8958-952AB95218EF}"
EndProject
Global
	GlobalSection(SolutionConfigurationPlatforms) = preSolution
		Debug|Any CPU = Debug|Any CPU
		Release|Any CPU = Release|Any CPU
	EndGlobalSection
	GlobalSection(ProjectConfigurationPlatforms) = postSolution
		{1F930092-661A-441E-901D-6141898680BE}.Debug|Any CPU.ActiveCfg = Debug|Any CPU
		{1F930092-661A-441E-901D-6141898680BE}.Debug|Any CPU.Build.0 = Debug|Any CPU
		{1F930092-661A-441E-901D-6141898680BE}.Release|Any CPU.ActiveCfg = Release|Any CPU
		{1F930092-661A-441E-901D-6141898680BE}.Release|Any CPU.Build.0 = Release|Any CPU
		{7468B1CA-C36A-4C21-8958-952AB95218EF}.Debug|Any CPU.ActiveCfg = Debug|Any CPU
		{7468B1CA-C36A-4C21-8958-952AB95218EF}.Debug|Any CPU.Build.0 = Debug|Any CPU
		{7468B1CA-C36A-4C21-8958-952AB95218EF}.Release|Any CPU.ActiveCfg = Release|Any CPU
		{7468B1CA-C36A-4C21-8958-952AB95218EF}.Release|Any CPU.Build.0 = Release|Any CPU
	EndGlobalSection
	GlobalSection(SolutionProperties) = preSolution
		HideSolutionNode = FALSE
	EndGlobalSection
	GlobalSection(ExtensibilityGlobals) = postSolution
		SolutionGuid = {32B25968-75CE-45A1-9473-7C9A87403A64}
	EndGlobalSection
EndGlobal
